// !$*UTF8*$!
{
	archiveVersion = 1;
	classes = {
	};
	objectVersion = 55;
	objects = {

/* Begin PBXBuildFile section */
		369940CA276119C1001003E0 /* AppDelegate.swift in Sources */ = {isa = PBXBuildFile; fileRef = 369940C9276119C1001003E0 /* AppDelegate.swift */; };
		369940CC276119C1001003E0 /* SceneDelegate.swift in Sources */ = {isa = PBXBuildFile; fileRef = 369940CB276119C1001003E0 /* SceneDelegate.swift */; };
		369940CE276119C1001003E0 /* ViewController.swift in Sources */ = {isa = PBXBuildFile; fileRef = 369940CD276119C1001003E0 /* ViewController.swift */; };
		369940D1276119C1001003E0 /* Main.storyboard in Resources */ = {isa = PBXBuildFile; fileRef = 369940CF276119C1001003E0 /* Main.storyboard */; };
		369940D3276119C3001003E0 /* Assets.xcassets in Resources */ = {isa = PBXBuildFile; fileRef = 369940D2276119C3001003E0 /* Assets.xcassets */; };
		369940D6276119C3001003E0 /* LaunchScreen.storyboard in Resources */ = {isa = PBXBuildFile; fileRef = 369940D4276119C3001003E0 /* LaunchScreen.storyboard */; };
		369940DE27611A00001003E0 /* ViewControllerA1.swift in Sources */ = {isa = PBXBuildFile; fileRef = 369940DD27611A00001003E0 /* ViewControllerA1.swift */; };
		369940E027611A63001003E0 /* ViewControllerB1.swift in Sources */ = {isa = PBXBuildFile; fileRef = 369940DF27611A63001003E0 /* ViewControllerB1.swift */; };
		369940E227611A98001003E0 /* ViewControllerB2.swift in Sources */ = {isa = PBXBuildFile; fileRef = 369940E127611A98001003E0 /* ViewControllerB2.swift */; };
		369940E427611AC9001003E0 /* ViewControllerB3.swift in Sources */ = {isa = PBXBuildFile; fileRef = 369940E327611AC9001003E0 /* ViewControllerB3.swift */; };
		369940E627611AFA001003E0 /* ViewControllerC1.swift in Sources */ = {isa = PBXBuildFile; fileRef = 369940E527611AFA001003E0 /* ViewControllerC1.swift */; };
		369940E827611B2C001003E0 /* ViewControllerC2.swift in Sources */ = {isa = PBXBuildFile; fileRef = 369940E727611B2C001003E0 /* ViewControllerC2.swift */; };
		369940EA27611B74001003E0 /* ViewControllerD1.swift in Sources */ = {isa = PBXBuildFile; fileRef = 369940E927611B74001003E0 /* ViewControllerD1.swift */; };
		369940EC27611C03001003E0 /* ViewControllerD2.swift in Sources */ = {isa = PBXBuildFile; fileRef = 369940EB27611C03001003E0 /* ViewControllerD2.swift */; };
		369940EE27611C2D001003E0 /* ViewControllerD3.swift in Sources */ = {isa = PBXBuildFile; fileRef = 369940ED27611C2D001003E0 /* ViewControllerD3.swift */; };
		369940F027611C77001003E0 /* ViewControllerE1.swift in Sources */ = {isa = PBXBuildFile; fileRef = 369940EF27611C77001003E0 /* ViewControllerE1.swift */; };
		369940F227611C91001003E0 /* ViewControllerE2.swift in Sources */ = {isa = PBXBuildFile; fileRef = 369940F127611C91001003E0 /* ViewControllerE2.swift */; };
		369940F427611CBA001003E0 /* ViewControllerF1.swift in Sources */ = {isa = PBXBuildFile; fileRef = 369940F327611CBA001003E0 /* ViewControllerF1.swift */; };
		369940F627611CD6001003E0 /* ViewControllerF2.swift in Sources */ = {isa = PBXBuildFile; fileRef = 369940F527611CD6001003E0 /* ViewControllerF2.swift */; };
/* End PBXBuildFile section */

/* Begin PBXFileReference section */
		369940C6276119C1001003E0 /* ChooseYourOwnAdventure.app */ = {isa = PBXFileReference; explicitFileType = wrapper.application; includeInIndex = 0; path = ChooseYourOwnAdventure.app; sourceTree = BUILT_PRODUCTS_DIR; };
		369940C9276119C1001003E0 /* AppDelegate.swift */ = {isa = PBXFileReference; lastKnownFileType = sourcecode.swift; path = AppDelegate.swift; sourceTree = "<group>"; };
		369940CB276119C1001003E0 /* SceneDelegate.swift */ = {isa = PBXFileReference; lastKnownFileType = sourcecode.swift; path = SceneDelegate.swift; sourceTree = "<group>"; };
		369940CD276119C1001003E0 /* ViewController.swift */ = {isa = PBXFileReference; lastKnownFileType = sourcecode.swift; path = ViewController.swift; sourceTree = "<group>"; };
		369940D0276119C1001003E0 /* Base */ = {isa = PBXFileReference; lastKnownFileType = file.storyboard; name = Base; path = Base.lproj/Main.storyboard; sourceTree = "<group>"; };
		369940D2276119C3001003E0 /* Assets.xcassets */ = {isa = PBXFileReference; lastKnownFileType = folder.assetcatalog; path = Assets.xcassets; sourceTree = "<group>"; };
		369940D5276119C3001003E0 /* Base */ = {isa = PBXFileReference; lastKnownFileType = file.storyboard; name = Base; path = Base.lproj/LaunchScreen.storyboard; sourceTree = "<group>"; };
		369940D7276119C3001003E0 /* Info.plist */ = {isa = PBXFileReference; lastKnownFileType = text.plist.xml; path = Info.plist; sourceTree = "<group>"; };
		369940DD27611A00001003E0 /* ViewControllerA1.swift */ = {isa = PBXFileReference; lastKnownFileType = sourcecode.swift; path = ViewControllerA1.swift; sourceTree = "<group>"; };
		369940DF27611A63001003E0 /* ViewControllerB1.swift */ = {isa = PBXFileReference; lastKnownFileType = sourcecode.swift; path = ViewControllerB1.swift; sourceTree = "<group>"; };
		369940E127611A98001003E0 /* ViewControllerB2.swift */ = {isa = PBXFileReference; lastKnownFileType = sourcecode.swift; path = ViewControllerB2.swift; sourceTree = "<group>"; };
		369940E327611AC9001003E0 /* ViewControllerB3.swift */ = {isa = PBXFileReference; lastKnownFileType = sourcecode.swift; path = ViewControllerB3.swift; sourceTree = "<group>"; };
		369940E527611AFA001003E0 /* ViewControllerC1.swift */ = {isa = PBXFileReference; lastKnownFileType = sourcecode.swift; path = ViewControllerC1.swift; sourceTree = "<group>"; };
		369940E727611B2C001003E0 /* ViewControllerC2.swift */ = {isa = PBXFileReference; lastKnownFileType = sourcecode.swift; path = ViewControllerC2.swift; sourceTree = "<group>"; };
		369940E927611B74001003E0 /* ViewControllerD1.swift */ = {isa = PBXFileReference; lastKnownFileType = sourcecode.swift; path = ViewControllerD1.swift; sourceTree = "<group>"; };
		369940EB27611C03001003E0 /* ViewControllerD2.swift */ = {isa = PBXFileReference; lastKnownFileType = sourcecode.swift; path = ViewControllerD2.swift; sourceTree = "<group>"; };
		369940ED27611C2D001003E0 /* ViewControllerD3.swift */ = {isa = PBXFileReference; lastKnownFileType = sourcecode.swift; path = ViewControllerD3.swift; sourceTree = "<group>"; };
		369940EF27611C77001003E0 /* ViewControllerE1.swift */ = {isa = PBXFileReference; lastKnownFileType = sourcecode.swift; path = ViewControllerE1.swift; sourceTree = "<group>"; };
		369940F127611C91001003E0 /* ViewControllerE2.swift */ = {isa = PBXFileReference; lastKnownFileType = sourcecode.swift; path = ViewControllerE2.swift; sourceTree = "<group>"; };
		369940F327611CBA001003E0 /* ViewControllerF1.swift */ = {isa = PBXFileReference; lastKnownFileType = sourcecode.swift; path = ViewControllerF1.swift; sourceTree = "<group>"; };
		369940F527611CD6001003E0 /* ViewControllerF2.swift */ = {isa = PBXFileReference; lastKnownFileType = sourcecode.swift; path = ViewControllerF2.swift; sourceTree = "<group>"; };
/* End PBXFileReference section */

/* Begin PBXFrameworksBuildPhase section */
		369940C3276119C1001003E0 /* Frameworks */ = {
			isa = PBXFrameworksBuildPhase;
			buildActionMask = 2147483647;
			files = (
			);
			runOnlyForDeploymentPostprocessing = 0;
		};
/* End PBXFrameworksBuildPhase section */

/* Begin PBXGroup section */
		369940BD276119C1001003E0 = {
			isa = PBXGroup;
			children = (
				369940C8276119C1001003E0 /* ChooseYourOwnAdventure */,
				369940C7276119C1001003E0 /* Products */,
			);
			sourceTree = "<group>";
		};
		369940C7276119C1001003E0 /* Products */ = {
			isa = PBXGroup;
			children = (
				369940C6276119C1001003E0 /* ChooseYourOwnAdventure.app */,
			);
			name = Products;
			sourceTree = "<group>";
		};
		369940C8276119C1001003E0 /* ChooseYourOwnAdventure */ = {
			isa = PBXGroup;
			children = (
				369940C9276119C1001003E0 /* AppDelegate.swift */,
				369940CB276119C1001003E0 /* SceneDelegate.swift */,
				369940CD276119C1001003E0 /* ViewController.swift */,
				369940CF276119C1001003E0 /* Main.storyboard */,
				369940F527611CD6001003E0 /* ViewControllerF2.swift */,
				369940F327611CBA001003E0 /* ViewControllerF1.swift */,
				369940F127611C91001003E0 /* ViewControllerE2.swift */,
				369940EF27611C77001003E0 /* ViewControllerE1.swift */,
				369940ED27611C2D001003E0 /* ViewControllerD3.swift */,
				369940EB27611C03001003E0 /* ViewControllerD2.swift */,
				369940E927611B74001003E0 /* ViewControllerD1.swift */,
				369940E727611B2C001003E0 /* ViewControllerC2.swift */,
				369940E527611AFA001003E0 /* ViewControllerC1.swift */,
				369940E327611AC9001003E0 /* ViewControllerB3.swift */,
				369940E127611A98001003E0 /* ViewControllerB2.swift */,
				369940DF27611A63001003E0 /* ViewControllerB1.swift */,
				369940DD27611A00001003E0 /* ViewControllerA1.swift */,
				369940D2276119C3001003E0 /* Assets.xcassets */,
				369940D4276119C3001003E0 /* LaunchScreen.storyboard */,
				369940D7276119C3001003E0 /* Info.plist */,
			);
			path = ChooseYourOwnAdventure;
			sourceTree = "<group>";
		};
/* End PBXGroup section */

/* Begin PBXNativeTarget section */
		369940C5276119C1001003E0 /* ChooseYourOwnAdventure */ = {
			isa = PBXNativeTarget;
			buildConfigurationList = 369940DA276119C3001003E0 /* Build configuration list for PBXNativeTarget "ChooseYourOwnAdventure" */;
			buildPhases = (
				369940C2276119C1001003E0 /* Sources */,
				369940C3276119C1001003E0 /* Frameworks */,
				369940C4276119C1001003E0 /* Resources */,
			);
			buildRules = (
			);
			dependencies = (
			);
			name = ChooseYourOwnAdventure;
			productName = ChooseYourOwnAdventure;
			productReference = 369940C6276119C1001003E0 /* ChooseYourOwnAdventure.app */;
			productType = "com.apple.product-type.application";
		};
/* End PBXNativeTarget section */

/* Begin PBXProject section */
		369940BE276119C1001003E0 /* Project object */ = {
			isa = PBXProject;
			attributes = {
				BuildIndependentTargetsInParallel = 1;
				LastSwiftUpdateCheck = 1300;
				LastUpgradeCheck = 1300;
				TargetAttributes = {
					369940C5276119C1001003E0 = {
						CreatedOnToolsVersion = 13.0;
					};
				};
			};
			buildConfigurationList = 369940C1276119C1001003E0 /* Build configuration list for PBXProject "ChooseYourOwnAdventure" */;
			compatibilityVersion = "Xcode 13.0";
			developmentRegion = en;
			hasScannedForEncodings = 0;
			knownRegions = (
				en,
				Base,
			);
			mainGroup = 369940BD276119C1001003E0;
			productRefGroup = 369940C7276119C1001003E0 /* Products */;
			projectDirPath = "";
			projectRoot = "";
			targets = (
				369940C5276119C1001003E0 /* ChooseYourOwnAdventure */,
			);
		};
/* End PBXProject section */

/* Begin PBXResourcesBuildPhase section */
		369940C4276119C1001003E0 /* Resources */ = {
			isa = PBXResourcesBuildPhase;
			buildActionMask = 2147483647;
			files = (
				369940D6276119C3001003E0 /* LaunchScreen.storyboard in Resources */,
				369940D3276119C3001003E0 /* Assets.xcassets in Resources */,
				369940D1276119C1001003E0 /* Main.storyboard in Resources */,
			);
			runOnlyForDeploymentPostprocessing = 0;
		};
/* End PBXResourcesBuildPhase section */

/* Begin PBXSourcesBuildPhase section */
		369940C2276119C1001003E0 /* Sources */ = {
			isa = PBXSourcesBuildPhase;
			buildActionMask = 2147483647;
			files = (
				369940E827611B2C001003E0 /* ViewControllerC2.swift in Sources */,
				369940E227611A98001003E0 /* ViewControllerB2.swift in Sources */,
				369940E427611AC9001003E0 /* ViewControllerB3.swift in Sources */,
				369940EE27611C2D001003E0 /* ViewControllerD3.swift in Sources */,
				369940CE276119C1001003E0 /* ViewController.swift in Sources */,
				369940F027611C77001003E0 /* ViewControllerE1.swift in Sources */,
				369940EC27611C03001003E0 /* ViewControllerD2.swift in Sources */,
				369940F227611C91001003E0 /* ViewControllerE2.swift in Sources */,
				369940F627611CD6001003E0 /* ViewControllerF2.swift in Sources */,
				369940E027611A63001003E0 /* ViewControllerB1.swift in Sources */,
				369940F427611CBA001003E0 /* ViewControllerF1.swift in Sources */,
				369940EA27611B74001003E0 /* ViewControllerD1.swift in Sources */,
				369940E627611AFA001003E0 /* ViewControllerC1.swift in Sources */,
				369940CA276119C1001003E0 /* AppDelegate.swift in Sources */,
				369940DE27611A00001003E0 /* ViewControllerA1.swift in Sources */,
				369940CC276119C1001003E0 /* SceneDelegate.swift in Sources */,
			);
			runOnlyForDeploymentPostprocessing = 0;
		};
/* End PBXSourcesBuildPhase section */

/* Begin PBXVariantGroup section */
		369940CF276119C1001003E0 /* Main.storyboard */ = {
			isa = PBXVariantGroup;
			children = (
				369940D0276119C1001003E0 /* Base */,
			);
			name = Main.storyboard;
			sourceTree = "<group>";
		};
		369940D4276119C3001003E0 /* LaunchScreen.storyboard */ = {
			isa = PBXVariantGroup;
			children = (
				369940D5276119C3001003E0 /* Base */,
			);
			name = LaunchScreen.storyboard;
			sourceTree = "<group>";
		};
/* End PBXVariantGroup section */

/* Begin XCBuildConfiguration section */
		369940D8276119C3001003E0 /* Debug */ = {
			isa = XCBuildConfiguration;
			buildSettings = {
				ALWAYS_SEARCH_USER_PATHS = NO;
				CLANG_ANALYZER_NONNULL = YES;
				CLANG_ANALYZER_NUMBER_OBJECT_CONVERSION = YES_AGGRESSIVE;
				CLANG_CXX_LANGUAGE_STANDARD = "gnu++17";
				CLANG_CXX_LIBRARY = "libc++";
				CLANG_ENABLE_MODULES = YES;
				CLANG_ENABLE_OBJC_ARC = YES;
				CLANG_ENABLE_OBJC_WEAK = YES;
				CLANG_WARN_BLOCK_CAPTURE_AUTORELEASING = YES;
				CLANG_WARN_BOOL_CONVERSION = YES;
				CLANG_WARN_COMMA = YES;
				CLANG_WARN_CONSTANT_CONVERSION = YES;
				CLANG_WARN_DEPRECATED_OBJC_IMPLEMENTATIONS = YES;
				CLANG_WARN_DIRECT_OBJC_ISA_USAGE = YES_ERROR;
				CLANG_WARN_DOCUMENTATION_COMMENTS = YES;
				CLANG_WARN_EMPTY_BODY = YES;
				CLANG_WARN_ENUM_CONVERSION = YES;
				CLANG_WARN_INFINITE_RECURSION = YES;
				CLANG_WARN_INT_CONVERSION = YES;
				CLANG_WARN_NON_LITERAL_NULL_CONVERSION = YES;
				CLANG_WARN_OBJC_IMPLICIT_RETAIN_SELF = YES;
				CLANG_WARN_OBJC_LITERAL_CONVERSION = YES;
				CLANG_WARN_OBJC_ROOT_CLASS = YES_ERROR;
				CLANG_WARN_QUOTED_INCLUDE_IN_FRAMEWORK_HEADER = YES;
				CLANG_WARN_RANGE_LOOP_ANALYSIS = YES;
				CLANG_WARN_STRICT_PROTOTYPES = YES;
				CLANG_WARN_SUSPICIOUS_MOVE = YES;
				CLANG_WARN_UNGUARDED_AVAILABILITY = YES_AGGRESSIVE;
				CLANG_WARN_UNREACHABLE_CODE = YES;
				CLANG_WARN__DUPLICATE_METHOD_MATCH = YES;
				COPY_PHASE_STRIP = NO;
				DEBUG_INFORMATION_FORMAT = dwarf;
				ENABLE_STRICT_OBJC_MSGSEND = YES;
				ENABLE_TESTABILITY = YES;
				GCC_C_LANGUAGE_STANDARD = gnu11;
				GCC_DYNAMIC_NO_PIC = NO;
				GCC_NO_COMMON_BLOCKS = YES;
				GCC_OPTIMIZATION_LEVEL = 0;
				GCC_PREPROCESSOR_DEFINITIONS = (
					"DEBUG=1",
					"$(inherited)",
				);
				GCC_WARN_64_TO_32_BIT_CONVERSION = YES;
				GCC_WARN_ABOUT_RETURN_TYPE = YES_ERROR;
				GCC_WARN_UNDECLARED_SELECTOR = YES;
				GCC_WARN_UNINITIALIZED_AUTOS = YES_AGGRESSIVE;
				GCC_WARN_UNUSED_FUNCTION = YES;
				GCC_WARN_UNUSED_VARIABLE = YES;
				IPHONEOS_DEPLOYMENT_TARGET = 15.0;
				MTL_ENABLE_DEBUG_INFO = INCLUDE_SOURCE;
				MTL_FAST_MATH = YES;
				ONLY_ACTIVE_ARCH = YES;
				SDKROOT = iphoneos;
				SWIFT_ACTIVE_COMPILATION_CONDITIONS = DEBUG;
				SWIFT_OPTIMIZATION_LEVEL = "-Onone";
			};
			name = Debug;
		};
		369940D9276119C3001003E0 /* Release */ = {
			isa = XCBuildConfiguration;
			buildSettings = {
				ALWAYS_SEARCH_USER_PATHS = NO;
				CLANG_ANALYZER_NONNULL = YES;
				CLANG_ANALYZER_NUMBER_OBJECT_CONVERSION = YES_AGGRESSIVE;
				CLANG_CXX_LANGUAGE_STANDARD = "gnu++17";
				CLANG_CXX_LIBRARY = "libc++";
				CLANG_ENABLE_MODULES = YES;
				CLANG_ENABLE_OBJC_ARC = YES;
				CLANG_ENABLE_OBJC_WEAK = YES;
				CLANG_WARN_BLOCK_CAPTURE_AUTORELEASING = YES;
				CLANG_WARN_BOOL_CONVERSION = YES;
				CLANG_WARN_COMMA = YES;
				CLANG_WARN_CONSTANT_CONVERSION = YES;
				CLANG_WARN_DEPRECATED_OBJC_IMPLEMENTATIONS = YES;
				CLANG_WARN_DIRECT_OBJC_ISA_USAGE = YES_ERROR;
				CLANG_WARN_DOCUMENTATION_COMMENTS = YES;
				CLANG_WARN_EMPTY_BODY = YES;
				CLANG_WARN_ENUM_CONVERSION = YES;
				CLANG_WARN_INFINITE_RECURSION = YES;
				CLANG_WARN_INT_CONVERSION = YES;
				CLANG_WARN_NON_LITERAL_NULL_CONVERSION = YES;
				CLANG_WARN_OBJC_IMPLICIT_RETAIN_SELF = YES;
				CLANG_WARN_OBJC_LITERAL_CONVERSION = YES;
				CLANG_WARN_OBJC_ROOT_CLASS = YES_ERROR;
				CLANG_WARN_QUOTED_INCLUDE_IN_FRAMEWORK_HEADER = YES;
				CLANG_WARN_RANGE_LOOP_ANALYSIS = YES;
				CLANG_WARN_STRICT_PROTOTYPES = YES;
				CLANG_WARN_SUSPICIOUS_MOVE = YES;
				CLANG_WARN_UNGUARDED_AVAILABILITY = YES_AGGRESSIVE;
				CLANG_WARN_UNREACHABLE_CODE = YES;
				CLANG_WARN__DUPLICATE_METHOD_MATCH = YES;
				COPY_PHASE_STRIP = NO;
				DEBUG_INFORMATION_FORMAT = "dwarf-with-dsym";
				ENABLE_NS_ASSERTIONS = NO;
				ENABLE_STRICT_OBJC_MSGSEND = YES;
				GCC_C_LANGUAGE_STANDARD = gnu11;
				GCC_NO_COMMON_BLOCKS = YES;
				GCC_WARN_64_TO_32_BIT_CONVERSION = YES;
				GCC_WARN_ABOUT_RETURN_TYPE = YES_ERROR;
				GCC_WARN_UNDECLARED_SELECTOR = YES;
				GCC_WARN_UNINITIALIZED_AUTOS = YES_AGGRESSIVE;
				GCC_WARN_UNUSED_FUNCTION = YES;
				GCC_WARN_UNUSED_VARIABLE = YES;
				IPHONEOS_DEPLOYMENT_TARGET = 15.0;
				MTL_ENABLE_DEBUG_INFO = NO;
				MTL_FAST_MATH = YES;
				SDKROOT = iphoneos;
				SWIFT_COMPILATION_MODE = wholemodule;
				SWIFT_OPTIMIZATION_LEVEL = "-O";
				VALIDATE_PRODUCT = YES;
			};
			name = Release;
		};
		369940DB276119C3001003E0 /* Debug */ = {
			isa = XCBuildConfiguration;
			buildSettings = {
				ASSETCATALOG_COMPILER_APPICON_NAME = AppIcon;
				ASSETCATALOG_COMPILER_GLOBAL_ACCENT_COLOR_NAME = AccentColor;
				CODE_SIGN_STYLE = Automatic;
				CURRENT_PROJECT_VERSION = 1;
				GENERATE_INFOPLIST_FILE = YES;
				INFOPLIST_FILE = ChooseYourOwnAdventure/Info.plist;
				INFOPLIST_KEY_UIApplicationSupportsIndirectInputEvents = YES;
				INFOPLIST_KEY_UILaunchStoryboardName = LaunchScreen;
				INFOPLIST_KEY_UIMainStoryboardFile = Main;
				INFOPLIST_KEY_UISupportedInterfaceOrientations_iPad = "UIInterfaceOrientationPortrait UIInterfaceOrientationPortraitUpsideDown UIInterfaceOrientationLandscapeLeft UIInterfaceOrientationLandscapeRight";
				INFOPLIST_KEY_UISupportedInterfaceOrientations_iPhone = "UIInterfaceOrientationPortrait UIInterfaceOrientationLandscapeLeft UIInterfaceOrientationLandscapeRight";
				LD_RUNPATH_SEARCH_PATHS = (
					"$(inherited)",
					"@executable_path/Frameworks",
				);
				MARKETING_VERSION = 1.0;
				PRODUCT_BUNDLE_IDENTIFIER = org.jhhs.622216.ChooseYourOwnAdventure;
				PRODUCT_NAME = "$(TARGET_NAME)";
				SWIFT_EMIT_LOC_STRINGS = YES;
				SWIFT_VERSION = 5.0;
				TARGETED_DEVICE_FAMILY = "1,2";
			};
			name = Debug;
		};
		369940DC276119C3001003E0 /* Release */ = {
			isa = XCBuildConfiguration;
			buildSettings = {
				ASSETCATALOG_COMPILER_APPICON_NAME = AppIcon;
				ASSETCATALOG_COMPILER_GLOBAL_ACCENT_COLOR_NAME = AccentColor;
				CODE_SIGN_STYLE = Automatic;
				CURRENT_PROJECT_VERSION = 1;
				GENERATE_INFOPLIST_FILE = YES;
				INFOPLIST_FILE = ChooseYourOwnAdventure/Info.plist;
				INFOPLIST_KEY_UIApplicationSupportsIndirectInputEvents = YES;
				INFOPLIST_KEY_UILaunchStoryboardName = LaunchScreen;
				INFOPLIST_KEY_UIMainStoryboardFile = Main;
				INFOPLIST_KEY_UISupportedInterfaceOrientations_iPad = "UIInterfaceOrientationPortrait UIInterfaceOrientationPortraitUpsideDown UIInterfaceOrientationLandscapeLeft UIInterfaceOrientationLandscapeRight";
				INFOPLIST_KEY_UISupportedInterfaceOrientations_iPhone = "UIInterfaceOrientationPortrait UIInterfaceOrientationLandscapeLeft UIInterfaceOrientationLandscapeRight";
				LD_RUNPATH_SEARCH_PATHS = (
					"$(inherited)",
					"@executable_path/Frameworks",
				);
				MARKETING_VERSION = 1.0;
				PRODUCT_BUNDLE_IDENTIFIER = org.jhhs.622216.ChooseYourOwnAdventure;
				PRODUCT_NAME = "$(TARGET_NAME)";
				SWIFT_EMIT_LOC_STRINGS = YES;
				SWIFT_VERSION = 5.0;
				TARGETED_DEVICE_FAMILY = "1,2";
			};
			name = Release;
		};
/* End XCBuildConfiguration section */

/* Begin XCConfigurationList section */
		369940C1276119C1001003E0 /* Build configuration list for PBXProject "ChooseYourOwnAdventure" */ = {
			isa = XCConfigurationList;
			buildConfigurations = (
				369940D8276119C3001003E0 /* Debug */,
				369940D9276119C3001003E0 /* Release */,
			);
			defaultConfigurationIsVisible = 0;
			defaultConfigurationName = Release;
		};
		369940DA276119C3001003E0 /* Build configuration list for PBXNativeTarget "ChooseYourOwnAdventure" */ = {
			isa = XCConfigurationList;
			buildConfigurations = (
				369940DB276119C3001003E0 /* Debug */,
				369940DC276119C3001003E0 /* Release */,
			);
			defaultConfigurationIsVisible = 0;
			defaultConfigurationName = Release;
		};
/* End XCConfigurationList section */
	};
	rootObject = 369940BE276119C1001003E0 /* Project object */;
}
